// !$*UTF8*$!
{
	archiveVersion = 1;
	classes = {
	};
	objectVersion = 50;
	objects = {

/* Begin PBXBuildFile section */
		7FD8A6112213BC5900EBE886 /* AppDelegate.m in Sources */ = {isa = PBXBuildFile; fileRef = 7FD8A6102213BC5900EBE886 /* AppDelegate.m */; };
		7FD8A6142213BC5900EBE886 /* ViewController.m in Sources */ = {isa = PBXBuildFile; fileRef = 7FD8A6132213BC5900EBE886 /* ViewController.m */; };
		7FD8A6172213BC5900EBE886 /* Main.storyboard in Resources */ = {isa = PBXBuildFile; fileRef = 7FD8A6152213BC5900EBE886 /* Main.storyboard */; };
		7FD8A6192213BC5C00EBE886 /* Assets.xcassets in Resources */ = {isa = PBXBuildFile; fileRef = 7FD8A6182213BC5C00EBE886 /* Assets.xcassets */; };
		7FD8A61C2213BC5C00EBE886 /* LaunchScreen.storyboard in Resources */ = {isa = PBXBuildFile; fileRef = 7FD8A61A2213BC5C00EBE886 /* LaunchScreen.storyboard */; };
		7FD8A61F2213BC5C00EBE886 /* main.m in Sources */ = {isa = PBXBuildFile; fileRef = 7FD8A61E2213BC5C00EBE886 /* main.m */; };
		7FD8A6292213BC5C00EBE886 /* PriceCalendarTests.m in Sources */ = {isa = PBXBuildFile; fileRef = 7FD8A6282213BC5C00EBE886 /* PriceCalendarTests.m */; };
		7FD8A6342213BC5C00EBE886 /* PriceCalendarUITests.m in Sources */ = {isa = PBXBuildFile; fileRef = 7FD8A6332213BC5C00EBE886 /* PriceCalendarUITests.m */; };
		7FD8A6582213BD7000EBE886 /* CalendarVC.m in Sources */ = {isa = PBXBuildFile; fileRef = 7FD8A6502213BD7000EBE886 /* CalendarVC.m */; };
		7FD8A6592213BD7000EBE886 /* CalendarModel.m in Sources */ = {isa = PBXBuildFile; fileRef = 7FD8A6532213BD7000EBE886 /* CalendarModel.m */; };
		7FD8A65A2213BD7000EBE886 /* CalendarView.m in Sources */ = {isa = PBXBuildFile; fileRef = 7FD8A6552213BD7000EBE886 /* CalendarView.m */; };
		7FD8A65E2213BDE000EBE886 /* NSDate+Helper.m in Sources */ = {isa = PBXBuildFile; fileRef = 7FD8A65D2213BDE000EBE886 /* NSDate+Helper.m */; };
/* End PBXBuildFile section */

/* Begin PBXContainerItemProxy section */
		7FD8A6252213BC5C00EBE886 /* PBXContainerItemProxy */ = {
			isa = PBXContainerItemProxy;
			containerPortal = 7FD8A6042213BC5900EBE886 /* Project object */;
			proxyType = 1;
			remoteGlobalIDString = 7FD8A60B2213BC5900EBE886;
			remoteInfo = PriceCalendar;
		};
		7FD8A6302213BC5C00EBE886 /* PBXContainerItemProxy */ = {
			isa = PBXContainerItemProxy;
			containerPortal = 7FD8A6042213BC5900EBE886 /* Project object */;
			proxyType = 1;
			remoteGlobalIDString = 7FD8A60B2213BC5900EBE886;
			remoteInfo = PriceCalendar;
		};
/* End PBXContainerItemProxy section */

/* Begin PBXFileReference section */
		7FD8A60C2213BC5900EBE886 /* PriceCalendar.app */ = {isa = PBXFileReference; explicitFileType = wrapper.application; includeInIndex = 0; path = PriceCalendar.app; sourceTree = BUILT_PRODUCTS_DIR; };
		7FD8A60F2213BC5900EBE886 /* AppDelegate.h */ = {isa = PBXFileReference; lastKnownFileType = sourcecode.c.h; path = AppDelegate.h; sourceTree = "<group>"; };
		7FD8A6102213BC5900EBE886 /* AppDelegate.m */ = {isa = PBXFileReference; lastKnownFileType = sourcecode.c.objc; path = AppDelegate.m; sourceTree = "<group>"; };
		7FD8A6122213BC5900EBE886 /* ViewController.h */ = {isa = PBXFileReference; lastKnownFileType = sourcecode.c.h; path = ViewController.h; sourceTree = "<group>"; };
		7FD8A6132213BC5900EBE886 /* ViewController.m */ = {isa = PBXFileReference; lastKnownFileType = sourcecode.c.objc; path = ViewController.m; sourceTree = "<group>"; };
		7FD8A6162213BC5900EBE886 /* Base */ = {isa = PBXFileReference; lastKnownFileType = file.storyboard; name = Base; path = Base.lproj/Main.storyboard; sourceTree = "<group>"; };
		7FD8A6182213BC5C00EBE886 /* Assets.xcassets */ = {isa = PBXFileReference; lastKnownFileType = folder.assetcatalog; path = Assets.xcassets; sourceTree = "<group>"; };
		7FD8A61B2213BC5C00EBE886 /* Base */ = {isa = PBXFileReference; lastKnownFileType = file.storyboard; name = Base; path = Base.lproj/LaunchScreen.storyboard; sourceTree = "<group>"; };
		7FD8A61D2213BC5C00EBE886 /* Info.plist */ = {isa = PBXFileReference; lastKnownFileType = text.plist.xml; path = Info.plist; sourceTree = "<group>"; };
		7FD8A61E2213BC5C00EBE886 /* main.m */ = {isa = PBXFileReference; lastKnownFileType = sourcecode.c.objc; path = main.m; sourceTree = "<group>"; };
		7FD8A6242213BC5C00EBE886 /* PriceCalendarTests.xctest */ = {isa = PBXFileReference; explicitFileType = wrapper.cfbundle; includeInIndex = 0; path = PriceCalendarTests.xctest; sourceTree = BUILT_PRODUCTS_DIR; };
		7FD8A6282213BC5C00EBE886 /* PriceCalendarTests.m */ = {isa = PBXFileReference; lastKnownFileType = sourcecode.c.objc; path = PriceCalendarTests.m; sourceTree = "<group>"; };
		7FD8A62A2213BC5C00EBE886 /* Info.plist */ = {isa = PBXFileReference; lastKnownFileType = text.plist.xml; path = Info.plist; sourceTree = "<group>"; };
		7FD8A62F2213BC5C00EBE886 /* PriceCalendarUITests.xctest */ = {isa = PBXFileReference; explicitFileType = wrapper.cfbundle; includeInIndex = 0; path = PriceCalendarUITests.xctest; sourceTree = BUILT_PRODUCTS_DIR; };
		7FD8A6332213BC5C00EBE886 /* PriceCalendarUITests.m */ = {isa = PBXFileReference; lastKnownFileType = sourcecode.c.objc; path = PriceCalendarUITests.m; sourceTree = "<group>"; };
		7FD8A6352213BC5C00EBE886 /* Info.plist */ = {isa = PBXFileReference; lastKnownFileType = text.plist.xml; path = Info.plist; sourceTree = "<group>"; };
		7FD8A64F2213BD7000EBE886 /* CalendarVC.h */ = {isa = PBXFileReference; fileEncoding = 4; lastKnownFileType = sourcecode.c.h; path = CalendarVC.h; sourceTree = "<group>"; };
		7FD8A6502213BD7000EBE886 /* CalendarVC.m */ = {isa = PBXFileReference; fileEncoding = 4; lastKnownFileType = sourcecode.c.objc; path = CalendarVC.m; sourceTree = "<group>"; };
		7FD8A6522213BD7000EBE886 /* CalendarModel.h */ = {isa = PBXFileReference; fileEncoding = 4; lastKnownFileType = sourcecode.c.h; path = CalendarModel.h; sourceTree = "<group>"; };
		7FD8A6532213BD7000EBE886 /* CalendarModel.m */ = {isa = PBXFileReference; fileEncoding = 4; lastKnownFileType = sourcecode.c.objc; path = CalendarModel.m; sourceTree = "<group>"; };
		7FD8A6552213BD7000EBE886 /* CalendarView.m */ = {isa = PBXFileReference; fileEncoding = 4; lastKnownFileType = sourcecode.c.objc; path = CalendarView.m; sourceTree = "<group>"; };
		7FD8A6562213BD7000EBE886 /* CalendarView.h */ = {isa = PBXFileReference; fileEncoding = 4; lastKnownFileType = sourcecode.c.h; path = CalendarView.h; sourceTree = "<group>"; };
		7FD8A65B2213BD9300EBE886 /* PublicModule.h */ = {isa = PBXFileReference; lastKnownFileType = sourcecode.c.h; path = PublicModule.h; sourceTree = "<group>"; };
		7FD8A65C2213BDE000EBE886 /* NSDate+Helper.h */ = {isa = PBXFileReference; lastKnownFileType = sourcecode.c.h; path = "NSDate+Helper.h"; sourceTree = "<group>"; };
		7FD8A65D2213BDE000EBE886 /* NSDate+Helper.m */ = {isa = PBXFileReference; lastKnownFileType = sourcecode.c.objc; path = "NSDate+Helper.m"; sourceTree = "<group>"; };
/* End PBXFileReference section */

/* Begin PBXFrameworksBuildPhase section */
		7FD8A6092213BC5900EBE886 /* Frameworks */ = {
			isa = PBXFrameworksBuildPhase;
			buildActionMask = 2147483647;
			files = (
			);
			runOnlyForDeploymentPostprocessing = 0;
		};
		7FD8A6212213BC5C00EBE886 /* Frameworks */ = {
			isa = PBXFrameworksBuildPhase;
			buildActionMask = 2147483647;
			files = (
			);
			runOnlyForDeploymentPostprocessing = 0;
		};
		7FD8A62C2213BC5C00EBE886 /* Frameworks */ = {
			isa = PBXFrameworksBuildPhase;
			buildActionMask = 2147483647;
			files = (
			);
			runOnlyForDeploymentPostprocessing = 0;
		};
/* End PBXFrameworksBuildPhase section */

/* Begin PBXGroup section */
		7FD8A6032213BC5900EBE886 = {
			isa = PBXGroup;
			children = (
				7FD8A60E2213BC5900EBE886 /* PriceCalendar */,
				7FD8A6272213BC5C00EBE886 /* PriceCalendarTests */,
				7FD8A6322213BC5C00EBE886 /* PriceCalendarUITests */,
				7FD8A60D2213BC5900EBE886 /* Products */,
			);
			sourceTree = "<group>";
		};
		7FD8A60D2213BC5900EBE886 /* Products */ = {
			isa = PBXGroup;
			children = (
				7FD8A60C2213BC5900EBE886 /* PriceCalendar.app */,
				7FD8A6242213BC5C00EBE886 /* PriceCalendarTests.xctest */,
				7FD8A62F2213BC5C00EBE886 /* PriceCalendarUITests.xctest */,
			);
			name = Products;
			sourceTree = "<group>";
		};
		7FD8A60E2213BC5900EBE886 /* PriceCalendar */ = {
			isa = PBXGroup;
			children = (
				7FD8A64D2213BD7000EBE886 /* Section */,
				7FD8A60F2213BC5900EBE886 /* AppDelegate.h */,
				7FD8A6102213BC5900EBE886 /* AppDelegate.m */,
				7FD8A6122213BC5900EBE886 /* ViewController.h */,
				7FD8A6132213BC5900EBE886 /* ViewController.m */,
				7FD8A6152213BC5900EBE886 /* Main.storyboard */,
				7FD8A6182213BC5C00EBE886 /* Assets.xcassets */,
				7FD8A61A2213BC5C00EBE886 /* LaunchScreen.storyboard */,
				7FD8A61D2213BC5C00EBE886 /* Info.plist */,
				7FD8A61E2213BC5C00EBE886 /* main.m */,
			);
			path = PriceCalendar;
			sourceTree = "<group>";
		};
		7FD8A6272213BC5C00EBE886 /* PriceCalendarTests */ = {
			isa = PBXGroup;
			children = (
				7FD8A6282213BC5C00EBE886 /* PriceCalendarTests.m */,
				7FD8A62A2213BC5C00EBE886 /* Info.plist */,
			);
			path = PriceCalendarTests;
			sourceTree = "<group>";
		};
		7FD8A6322213BC5C00EBE886 /* PriceCalendarUITests */ = {
			isa = PBXGroup;
			children = (
				7FD8A6332213BC5C00EBE886 /* PriceCalendarUITests.m */,
				7FD8A6352213BC5C00EBE886 /* Info.plist */,
			);
			path = PriceCalendarUITests;
			sourceTree = "<group>";
		};
		7FD8A64D2213BD7000EBE886 /* Section */ = {
			isa = PBXGroup;
			children = (
				7FD8A64E2213BD7000EBE886 /* Controller */,
				7FD8A6512213BD7000EBE886 /* Model */,
				7FD8A6542213BD7000EBE886 /* View */,
				7FD8A6572213BD7000EBE886 /* Helper */,
			);
			path = Section;
			sourceTree = "<group>";
		};
		7FD8A64E2213BD7000EBE886 /* Controller */ = {
			isa = PBXGroup;
			children = (
				7FD8A64F2213BD7000EBE886 /* CalendarVC.h */,
				7FD8A6502213BD7000EBE886 /* CalendarVC.m */,
			);
			path = Controller;
			sourceTree = "<group>";
		};
		7FD8A6512213BD7000EBE886 /* Model */ = {
			isa = PBXGroup;
			children = (
				7FD8A6522213BD7000EBE886 /* CalendarModel.h */,
				7FD8A6532213BD7000EBE886 /* CalendarModel.m */,
			);
			path = Model;
			sourceTree = "<group>";
		};
		7FD8A6542213BD7000EBE886 /* View */ = {
			isa = PBXGroup;
			children = (
				7FD8A6562213BD7000EBE886 /* CalendarView.h */,
				7FD8A6552213BD7000EBE886 /* CalendarView.m */,
			);
			path = View;
			sourceTree = "<group>";
		};
		7FD8A6572213BD7000EBE886 /* Helper */ = {
			isa = PBXGroup;
			children = (
				7FD8A65B2213BD9300EBE886 /* PublicModule.h */,
				7FD8A65C2213BDE000EBE886 /* NSDate+Helper.h */,
				7FD8A65D2213BDE000EBE886 /* NSDate+Helper.m */,
			);
			path = Helper;
			sourceTree = "<group>";
		};
/* End PBXGroup section */

/* Begin PBXNativeTarget section */
		7FD8A60B2213BC5900EBE886 /* PriceCalendar */ = {
			isa = PBXNativeTarget;
			buildConfigurationList = 7FD8A6382213BC5C00EBE886 /* Build configuration list for PBXNativeTarget "PriceCalendar" */;
			buildPhases = (
				7FD8A6082213BC5900EBE886 /* Sources */,
				7FD8A6092213BC5900EBE886 /* Frameworks */,
				7FD8A60A2213BC5900EBE886 /* Resources */,
			);
			buildRules = (
			);
			dependencies = (
			);
			name = PriceCalendar;
			productName = PriceCalendar;
			productReference = 7FD8A60C2213BC5900EBE886 /* PriceCalendar.app */;
			productType = "com.apple.product-type.application";
		};
		7FD8A6232213BC5C00EBE886 /* PriceCalendarTests */ = {
			isa = PBXNativeTarget;
			buildConfigurationList = 7FD8A63B2213BC5C00EBE886 /* Build configuration list for PBXNativeTarget "PriceCalendarTests" */;
			buildPhases = (
				7FD8A6202213BC5C00EBE886 /* Sources */,
				7FD8A6212213BC5C00EBE886 /* Frameworks */,
				7FD8A6222213BC5C00EBE886 /* Resources */,
			);
			buildRules = (
			);
			dependencies = (
				7FD8A6262213BC5C00EBE886 /* PBXTargetDependency */,
			);
			name = PriceCalendarTests;
			productName = PriceCalendarTests;
			productReference = 7FD8A6242213BC5C00EBE886 /* PriceCalendarTests.xctest */;
			productType = "com.apple.product-type.bundle.unit-test";
		};
		7FD8A62E2213BC5C00EBE886 /* PriceCalendarUITests */ = {
			isa = PBXNativeTarget;
			buildConfigurationList = 7FD8A63E2213BC5C00EBE886 /* Build configuration list for PBXNativeTarget "PriceCalendarUITests" */;
			buildPhases = (
				7FD8A62B2213BC5C00EBE886 /* Sources */,
				7FD8A62C2213BC5C00EBE886 /* Frameworks */,
				7FD8A62D2213BC5C00EBE886 /* Resources */,
			);
			buildRules = (
			);
			dependencies = (
				7FD8A6312213BC5C00EBE886 /* PBXTargetDependency */,
			);
			name = PriceCalendarUITests;
			productName = PriceCalendarUITests;
			productReference = 7FD8A62F2213BC5C00EBE886 /* PriceCalendarUITests.xctest */;
			productType = "com.apple.product-type.bundle.ui-testing";
		};
/* End PBXNativeTarget section */

/* Begin PBXProject section */
		7FD8A6042213BC5900EBE886 /* Project object */ = {
			isa = PBXProject;
			attributes = {
				LastUpgradeCheck = 1010;
				ORGANIZATIONNAME = "火山";
				TargetAttributes = {
					7FD8A60B2213BC5900EBE886 = {
						CreatedOnToolsVersion = 10.1;
					};
					7FD8A6232213BC5C00EBE886 = {
						CreatedOnToolsVersion = 10.1;
						TestTargetID = 7FD8A60B2213BC5900EBE886;
					};
					7FD8A62E2213BC5C00EBE886 = {
						CreatedOnToolsVersion = 10.1;
						TestTargetID = 7FD8A60B2213BC5900EBE886;
					};
				};
			};
			buildConfigurationList = 7FD8A6072213BC5900EBE886 /* Build configuration list for PBXProject "PriceCalendar" */;
			compatibilityVersion = "Xcode 9.3";
			developmentRegion = en;
			hasScannedForEncodings = 0;
			knownRegions = (
				en,
				Base,
			);
			mainGroup = 7FD8A6032213BC5900EBE886;
			productRefGroup = 7FD8A60D2213BC5900EBE886 /* Products */;
			projectDirPath = "";
			projectRoot = "";
			targets = (
				7FD8A60B2213BC5900EBE886 /* PriceCalendar */,
				7FD8A6232213BC5C00EBE886 /* PriceCalendarTests */,
				7FD8A62E2213BC5C00EBE886 /* PriceCalendarUITests */,
			);
		};
/* End PBXProject section */

/* Begin PBXResourcesBuildPhase section */
		7FD8A60A2213BC5900EBE886 /* Resources */ = {
			isa = PBXResourcesBuildPhase;
			buildActionMask = 2147483647;
			files = (
				7FD8A61C2213BC5C00EBE886 /* LaunchScreen.storyboard in Resources */,
				7FD8A6192213BC5C00EBE886 /* Assets.xcassets in Resources */,
				7FD8A6172213BC5900EBE886 /* Main.storyboard in Resources */,
			);
			runOnlyForDeploymentPostprocessing = 0;
		};
		7FD8A6222213BC5C00EBE886 /* Resources */ = {
			isa = PBXResourcesBuildPhase;
			buildActionMask = 2147483647;
			files = (
			);
			runOnlyForDeploymentPostprocessing = 0;
		};
		7FD8A62D2213BC5C00EBE886 /* Resources */ = {
			isa = PBXResourcesBuildPhase;
			buildActionMask = 2147483647;
			files = (
			);
			runOnlyForDeploymentPostprocessing = 0;
		};
/* End PBXResourcesBuildPhase section */

/* Begin PBXSourcesBuildPhase section */
		7FD8A6082213BC5900EBE886 /* Sources */ = {
			isa = PBXSourcesBuildPhase;
			buildActionMask = 2147483647;
			files = (
				7FD8A65A2213BD7000EBE886 /* CalendarView.m in Sources */,
				7FD8A6142213BC5900EBE886 /* ViewController.m in Sources */,
				7FD8A61F2213BC5C00EBE886 /* main.m in Sources */,
				7FD8A6582213BD7000EBE886 /* CalendarVC.m in Sources */,
				7FD8A6592213BD7000EBE886 /* CalendarModel.m in Sources */,
				7FD8A65E2213BDE000EBE886 /* NSDate+Helper.m in Sources */,
				7FD8A6112213BC5900EBE886 /* AppDelegate.m in Sources */,
			);
			runOnlyForDeploymentPostprocessing = 0;
		};
		7FD8A6202213BC5C00EBE886 /* Sources */ = {
			isa = PBXSourcesBuildPhase;
			buildActionMask = 2147483647;
			files = (
				7FD8A6292213BC5C00EBE886 /* PriceCalendarTests.m in Sources */,
			);
			runOnlyForDeploymentPostprocessing = 0;
		};
		7FD8A62B2213BC5C00EBE886 /* Sources */ = {
			isa = PBXSourcesBuildPhase;
			buildActionMask = 2147483647;
			files = (
				7FD8A6342213BC5C00EBE886 /* PriceCalendarUITests.m in Sources */,
			);
			runOnlyForDeploymentPostprocessing = 0;
		};
/* End PBXSourcesBuildPhase section */

/* Begin PBXTargetDependency section */
		7FD8A6262213BC5C00EBE886 /* PBXTargetDependency */ = {
			isa = PBXTargetDependency;
			target = 7FD8A60B2213BC5900EBE886 /* PriceCalendar */;
			targetProxy = 7FD8A6252213BC5C00EBE886 /* PBXContainerItemProxy */;
		};
		7FD8A6312213BC5C00EBE886 /* PBXTargetDependency */ = {
			isa = PBXTargetDependency;
			target = 7FD8A60B2213BC5900EBE886 /* PriceCalendar */;
			targetProxy = 7FD8A6302213BC5C00EBE886 /* PBXContainerItemProxy */;
		};
/* End PBXTargetDependency section */

/* Begin PBXVariantGroup section */
		7FD8A6152213BC5900EBE886 /* Main.storyboard */ = {
			isa = PBXVariantGroup;
			children = (
				7FD8A6162213BC5900EBE886 /* Base */,
			);
			name = Main.storyboard;
			sourceTree = "<group>";
		};
		7FD8A61A2213BC5C00EBE886 /* LaunchScreen.storyboard */ = {
			isa = PBXVariantGroup;
			children = (
				7FD8A61B2213BC5C00EBE886 /* Base */,
			);
			name = LaunchScreen.storyboard;
			sourceTree = "<group>";
		};
/* End PBXVariantGroup section */

/* Begin XCBuildConfiguration section */
		7FD8A6362213BC5C00EBE886 /* Debug */ = {
			isa = XCBuildConfiguration;
			buildSettings = {
				ALWAYS_SEARCH_USER_PATHS = NO;
				CLANG_ANALYZER_NONNULL = YES;
				CLANG_ANALYZER_NUMBER_OBJECT_CONVERSION = YES_AGGRESSIVE;
				CLANG_CXX_LANGUAGE_STANDARD = "gnu++14";
				CLANG_CXX_LIBRARY = "libc++";
				CLANG_ENABLE_MODULES = YES;
				CLANG_ENABLE_OBJC_ARC = YES;
				CLANG_ENABLE_OBJC_WEAK = YES;
				CLANG_WARN_BLOCK_CAPTURE_AUTORELEASING = YES;
				CLANG_WARN_BOOL_CONVERSION = YES;
				CLANG_WARN_COMMA = YES;
				CLANG_WARN_CONSTANT_CONVERSION = YES;
				CLANG_WARN_DEPRECATED_OBJC_IMPLEMENTATIONS = YES;
				CLANG_WARN_DIRECT_OBJC_ISA_USAGE = YES_ERROR;
				CLANG_WARN_DOCUMENTATION_COMMENTS = YES;
				CLANG_WARN_EMPTY_BODY = YES;
				CLANG_WARN_ENUM_CONVERSION = YES;
				CLANG_WARN_INFINITE_RECURSION = YES;
				CLANG_WARN_INT_CONVERSION = YES;
				CLANG_WARN_NON_LITERAL_NULL_CONVERSION = YES;
				CLANG_WARN_OBJC_IMPLICIT_RETAIN_SELF = YES;
				CLANG_WARN_OBJC_LITERAL_CONVERSION = YES;
				CLANG_WARN_OBJC_ROOT_CLASS = YES_ERROR;
				CLANG_WARN_RANGE_LOOP_ANALYSIS = YES;
				CLANG_WARN_STRICT_PROTOTYPES = YES;
				CLANG_WARN_SUSPICIOUS_MOVE = YES;
				CLANG_WARN_UNGUARDED_AVAILABILITY = YES_AGGRESSIVE;
				CLANG_WARN_UNREACHABLE_CODE = YES;
				CLANG_WARN__DUPLICATE_METHOD_MATCH = YES;
				CODE_SIGN_IDENTITY = "iPhone Developer";
				COPY_PHASE_STRIP = NO;
				DEBUG_INFORMATION_FORMAT = dwarf;
				ENABLE_STRICT_OBJC_MSGSEND = YES;
				ENABLE_TESTABILITY = YES;
				GCC_C_LANGUAGE_STANDARD = gnu11;
				GCC_DYNAMIC_NO_PIC = NO;
				GCC_NO_COMMON_BLOCKS = YES;
				GCC_OPTIMIZATION_LEVEL = 0;
				GCC_PREPROCESSOR_DEFINITIONS = (
					"DEBUG=1",
					"$(inherited)",
				);
				GCC_WARN_64_TO_32_BIT_CONVERSION = YES;
				GCC_WARN_ABOUT_RETURN_TYPE = YES_ERROR;
				GCC_WARN_UNDECLARED_SELECTOR = YES;
				GCC_WARN_UNINITIALIZED_AUTOS = YES_AGGRESSIVE;
				GCC_WARN_UNUSED_FUNCTION = YES;
				GCC_WARN_UNUSED_VARIABLE = YES;
				IPHONEOS_DEPLOYMENT_TARGET = 12.1;
				MTL_ENABLE_DEBUG_INFO = INCLUDE_SOURCE;
				MTL_FAST_MATH = YES;
				ONLY_ACTIVE_ARCH = YES;
				SDKROOT = iphoneos;
			};
			name = Debug;
		};
		7FD8A6372213BC5C00EBE886 /* Release */ = {
			isa = XCBuildConfiguration;
			buildSettings = {
				ALWAYS_SEARCH_USER_PATHS = NO;
				CLANG_ANALYZER_NONNULL = YES;
				CLANG_ANALYZER_NUMBER_OBJECT_CONVERSION = YES_AGGRESSIVE;
				CLANG_CXX_LANGUAGE_STANDARD = "gnu++14";
				CLANG_CXX_LIBRARY = "libc++";
				CLANG_ENABLE_MODULES = YES;
				CLANG_ENABLE_OBJC_ARC = YES;
				CLANG_ENABLE_OBJC_WEAK = YES;
				CLANG_WARN_BLOCK_CAPTURE_AUTORELEASING = YES;
				CLANG_WARN_BOOL_CONVERSION = YES;
				CLANG_WARN_COMMA = YES;
				CLANG_WARN_CONSTANT_CONVERSION = YES;
				CLANG_WARN_DEPRECATED_OBJC_IMPLEMENTATIONS = YES;
				CLANG_WARN_DIRECT_OBJC_ISA_USAGE = YES_ERROR;
				CLANG_WARN_DOCUMENTATION_COMMENTS = YES;
				CLANG_WARN_EMPTY_BODY = YES;
				CLANG_WARN_ENUM_CONVERSION = YES;
				CLANG_WARN_INFINITE_RECURSION = YES;
				CLANG_WARN_INT_CONVERSION = YES;
				CLANG_WARN_NON_LITERAL_NULL_CONVERSION = YES;
				CLANG_WARN_OBJC_IMPLICIT_RETAIN_SELF = YES;
				CLANG_WARN_OBJC_LITERAL_CONVERSION = YES;
				CLANG_WARN_OBJC_ROOT_CLASS = YES_ERROR;
				CLANG_WARN_RANGE_LOOP_ANALYSIS = YES;
				CLANG_WARN_STRICT_PROTOTYPES = YES;
				CLANG_WARN_SUSPICIOUS_MOVE = YES;
				CLANG_WARN_UNGUARDED_AVAILABILITY = YES_AGGRESSIVE;
				CLANG_WARN_UNREACHABLE_CODE = YES;
				CLANG_WARN__DUPLICATE_METHOD_MATCH = YES;
				CODE_SIGN_IDENTITY = "iPhone Developer";
				COPY_PHASE_STRIP = NO;
				DEBUG_INFORMATION_FORMAT = "dwarf-with-dsym";
				ENABLE_NS_ASSERTIONS = NO;
				ENABLE_STRICT_OBJC_MSGSEND = YES;
				GCC_C_LANGUAGE_STANDARD = gnu11;
				GCC_NO_COMMON_BLOCKS = YES;
				GCC_WARN_64_TO_32_BIT_CONVERSION = YES;
				GCC_WARN_ABOUT_RETURN_TYPE = YES_ERROR;
				GCC_WARN_UNDECLARED_SELECTOR = YES;
				GCC_WARN_UNINITIALIZED_AUTOS = YES_AGGRESSIVE;
				GCC_WARN_UNUSED_FUNCTION = YES;
				GCC_WARN_UNUSED_VARIABLE = YES;
				IPHONEOS_DEPLOYMENT_TARGET = 12.1;
				MTL_ENABLE_DEBUG_INFO = NO;
				MTL_FAST_MATH = YES;
				SDKROOT = iphoneos;
				VALIDATE_PRODUCT = YES;
			};
			name = Release;
		};
		7FD8A6392213BC5C00EBE886 /* Debug */ = {
			isa = XCBuildConfiguration;
			buildSettings = {
				ASSETCATALOG_COMPILER_APPICON_NAME = AppIcon;
				CODE_SIGN_STYLE = Automatic;
				INFOPLIST_FILE = PriceCalendar/Info.plist;
				LD_RUNPATH_SEARCH_PATHS = (
					"$(inherited)",
					"@executable_path/Frameworks",
				);
				PRODUCT_BUNDLE_IDENTIFIER = huoshan.PriceCalendar;
				PRODUCT_NAME = "$(TARGET_NAME)";
				TARGETED_DEVICE_FAMILY = "1,2";
			};
			name = Debug;
		};
		7FD8A63A2213BC5C00EBE886 /* Release */ = {
			isa = XCBuildConfiguration;
			buildSettings = {
				ASSETCATALOG_COMPILER_APPICON_NAME = AppIcon;
				CODE_SIGN_STYLE = Automatic;
				INFOPLIST_FILE = PriceCalendar/Info.plist;
				LD_RUNPATH_SEARCH_PATHS = (
					"$(inherited)",
					"@executable_path/Frameworks",
				);
				PRODUCT_BUNDLE_IDENTIFIER = huoshan.PriceCalendar;
				PRODUCT_NAME = "$(TARGET_NAME)";
				TARGETED_DEVICE_FAMILY = "1,2";
			};
			name = Release;
		};
		7FD8A63C2213BC5C00EBE886 /* Debug */ = {
			isa = XCBuildConfiguration;
			buildSettings = {
				BUNDLE_LOADER = "$(TEST_HOST)";
				CODE_SIGN_STYLE = Automatic;
				INFOPLIST_FILE = PriceCalendarTests/Info.plist;
				LD_RUNPATH_SEARCH_PATHS = (
					"$(inherited)",
					"@executable_path/Frameworks",
					"@loader_path/Frameworks",
				);
				PRODUCT_BUNDLE_IDENTIFIER = huoshan.PriceCalendarTests;
				PRODUCT_NAME = "$(TARGET_NAME)";
				TARGETED_DEVICE_FAMILY = "1,2";
				TEST_HOST = "$(BUILT_PRODUCTS_DIR)/PriceCalendar.app/PriceCalendar";
			};
			name = Debug;
		};
		7FD8A63D2213BC5C00EBE886 /* Release */ = {
			isa = XCBuildConfiguration;
			buildSettings = {
				BUNDLE_LOADER = "$(TEST_HOST)";
				CODE_SIGN_STYLE = Automatic;
				INFOPLIST_FILE = PriceCalendarTests/Info.plist;
				LD_RUNPATH_SEARCH_PATHS = (
					"$(inherited)",
					"@executable_path/Frameworks",
					"@loader_path/Frameworks",
				);
				PRODUCT_BUNDLE_IDENTIFIER = huoshan.PriceCalendarTests;
				PRODUCT_NAME = "$(TARGET_NAME)";
				TARGETED_DEVICE_FAMILY = "1,2";
				TEST_HOST = "$(BUILT_PRODUCTS_DIR)/PriceCalendar.app/PriceCalendar";
			};
			name = Release;
		};
		7FD8A63F2213BC5C00EBE886 /* Debug */ = {
			isa = XCBuildConfiguration;
			buildSettings = {
				CODE_SIGN_STYLE = Automatic;
				INFOPLIST_FILE = PriceCalendarUITests/Info.plist;
				LD_RUNPATH_SEARCH_PATHS = (
					"$(inherited)",
					"@executable_path/Frameworks",
					"@loader_path/Frameworks",
				);
				PRODUCT_BUNDLE_IDENTIFIER = huoshan.PriceCalendarUITests;
				PRODUCT_NAME = "$(TARGET_NAME)";
				TARGETED_DEVICE_FAMILY = "1,2";
				TEST_TARGET_NAME = PriceCalendar;
			};
			name = Debug;
		};
		7FD8A6402213BC5C00EBE886 /* Release */ = {
			isa = XCBuildConfiguration;
			buildSettings = {
				CODE_SIGN_STYLE = Automatic;
				INFOPLIST_FILE = PriceCalendarUITests/Info.plist;
				LD_RUNPATH_SEARCH_PATHS = (
					"$(inherited)",
					"@executable_path/Frameworks",
					"@loader_path/Frameworks",
				);
				PRODUCT_BUNDLE_IDENTIFIER = huoshan.PriceCalendarUITests;
				PRODUCT_NAME = "$(TARGET_NAME)";
				TARGETED_DEVICE_FAMILY = "1,2";
				TEST_TARGET_NAME = PriceCalendar;
			};
			name = Release;
		};
/* End XCBuildConfiguration section */

/* Begin XCConfigurationList section */
		7FD8A6072213BC5900EBE886 /* Build configuration list for PBXProject "PriceCalendar" */ = {
			isa = XCConfigurationList;
			buildConfigurations = (
				7FD8A6362213BC5C00EBE886 /* Debug */,
				7FD8A6372213BC5C00EBE886 /* Release */,
			);
			defaultConfigurationIsVisible = 0;
			defaultConfigurationName = Release;
		};
		7FD8A6382213BC5C00EBE886 /* Build configuration list for PBXNativeTarget "PriceCalendar" */ = {
			isa = XCConfigurationList;
			buildConfigurations = (
				7FD8A6392213BC5C00EBE886 /* Debug */,
				7FD8A63A2213BC5C00EBE886 /* Release */,
			);
			defaultConfigurationIsVisible = 0;
			defaultConfigurationName = Release;
		};
		7FD8A63B2213BC5C00EBE886 /* Build configuration list for PBXNativeTarget "PriceCalendarTests" */ = {
			isa = XCConfigurationList;
			buildConfigurations = (
				7FD8A63C2213BC5C00EBE886 /* Debug */,
				7FD8A63D2213BC5C00EBE886 /* Release */,
			);
			defaultConfigurationIsVisible = 0;
			defaultConfigurationName = Release;
		};
		7FD8A63E2213BC5C00EBE886 /* Build configuration list for PBXNativeTarget "PriceCalendarUITests" */ = {
			isa = XCConfigurationList;
			buildConfigurations = (
				7FD8A63F2213BC5C00EBE886 /* Debug */,
				7FD8A6402213BC5C00EBE886 /* Release */,
			);
			defaultConfigurationIsVisible = 0;
			defaultConfigurationName = Release;
		};
/* End XCConfigurationList section */
	};
	rootObject = 7FD8A6042213BC5900EBE886 /* Project object */;
}
